lockfileVersion: '9.0'

settings:
  autoInstallPeers: true
  excludeLinksFromLockfile: false

importers:

  .:
    dependencies:
      effect:
        specifier: ^3.4.5
        version: 3.4.5

packages:

  effect@3.4.5:
    resolution: {integrity: sha512-aTonOH68tUttSdYwMkiuky3hjgn3pu7yInNaE8rU2EDKQ8zr9Me78WcvWBQKe4u1gvbBH77y9dAKqn98lNIfNQ==}

snapshots:

  effect@3.4.5: {}
